
Microsoft Visual Studio Solution File, Format Version 12.00
# Visual Studio 2013
VisualStudioVersion = 12.0.31101.0
MinimumVisualStudioVersion = 10.0.40219.1
Project("{FAE04EC0-301F-11D3-BF4B-00C04F79EFBC}") = "FeelTheField", "FeelTheField\FeelTheField.csproj", "{88B45A7E-C117-4562-836A-B82C9FF489E6}"
EndProject
Project("{FAE04EC0-301F-11D3-BF4B-00C04F79EFBC}") = "Logic", "Logic\Logic.csproj", "{2FA29B3E-1649-4C8F-94F8-2FF8F3EC1185}"
EndProject
Global
	GlobalSection(SolutionConfigurationPlatforms) = preSolution
		Debug|Any CPU = Debug|Any CPU
		Release|Any CPU = Release|Any CPU
	EndGlobalSection
	GlobalSection(ProjectConfigurationPlatforms) = postSolution
		{88B45A7E-C117-4562-836A-B82C9FF489E6}.Debug|Any CPU.ActiveCfg = Debug|Any CPU
		{88B45A7E-C117-4562-836A-B82C9FF489E6}.Debug|Any CPU.Build.0 = Debug|Any CPU
		{88B45A7E-C117-4562-836A-B82C9FF489E6}.Release|Any CPU.ActiveCfg = Release|Any CPU
		{88B45A7E-C117-4562-836A-B82C9FF489E6}.Release|Any CPU.Build.0 = Release|Any CPU
		{2FA29B3E-1649-4C8F-94F8-2FF8F3EC1185}.Debug|Any CPU.ActiveCfg = Debug|Any CPU
		{2FA29B3E-1649-4C8F-94F8-2FF8F3EC1185}.Debug|Any CPU.Build.0 = Debug|Any CPU
		{2FA29B3E-1649-4C8F-94F8-2FF8F3EC1185}.Release|Any CPU.ActiveCfg = Release|Any CPU
		{2FA29B3E-1649-4C8F-94F8-2FF8F3EC1185}.Release|Any CPU.Build.0 = Release|Any CPU
	EndGlobalSection
	GlobalSection(SolutionProperties) = preSolution
		HideSolutionNode = FALSE
	EndGlobalSection
EndGlobal
